# THIS IS AN AUTOGENERATED FILE. DO NOT EDIT THIS FILE DIRECTLY.
# yarn lockfile v1


ansi-styles@^4.1.0:
  version "4.3.0"
  resolved "https://registry.yarnpkg.com/ansi-styles/-/ansi-styles-4.3.0.tgz#edd803628ae71c04c85ae7a0906edad34b648937"
  integrity sha512-zbB9rCJAT1rbjiVDb2hqKFHNYLxgtk8NURxZ3IZwD3F6NtxbXZQCnnSi1Lkx+IDohdPlFp222wVALIheZJQSEg==
  dependencies:
    color-convert "^2.0.1"

array-back@^6.2.2, array-back@^6.2.3:
  version "6.2.3"
  resolved "https://registry.yarnpkg.com/array-back/-/array-back-6.2.3.tgz#d41e67598805e614f23b319b9e5960dfbcd72ae2"
  integrity sha512-SGDvmg6QTYiTxCBkYVmThcoa67uLl35pyzRHdpCGBOcqFy6BtwnphoFPk7LhJshD+Yk1Kt35WGWeZPTgwR4Fhw==

chalk-template@^0.4.0:
  version "0.4.0"
  resolved "https://registry.yarnpkg.com/chalk-template/-/chalk-template-0.4.0.tgz#692c034d0ed62436b9062c1707fadcd0f753204b"
  integrity sha512-/ghrgmhfY8RaSdeo43hNXxpoHAtxdbskUHjPpfqUWGttFgycUhYPGx3YZBCnUCvOa7Doivn1IZec3DEGFoMgLg==
  dependencies:
    chalk "^4.1.2"

chalk@^4.1.2:
  version "4.1.2"
  resolved "https://registry.yarnpkg.com/chalk/-/chalk-4.1.2.tgz#aac4e2b7734a740867aeb16bf02aad556a1e7a01"
  integrity sha512-oKnbhFyRIXpUuez8iBMmyEa4nbj4IOQyuhc/wy9kY7/WVPcwIO9VA668Pu8RkO7+0G76SLROeyw9CpQ061i4mA==
  dependencies:
    ansi-styles "^4.1.0"
    supports-color "^7.1.0"

color-convert@^2.0.1:
  version "2.0.1"
  resolved "https://registry.yarnpkg.com/color-convert/-/color-convert-2.0.1.tgz#72d3a68d598c9bdb3af2ad1e84f21d896abd4de3"
  integrity sha512-RRECPsj7iu/xb5oKYcsFHSppFNnsj/52OVTRKb4zP5onXwVF3zVmmToNcOfGC+CRDpfK/U584fMg38ZHCaElKQ==
  dependencies:
    color-name "~1.1.4"

color-name@~1.1.4:
  version "1.1.4"
  resolved "https://registry.yarnpkg.com/color-name/-/color-name-1.1.4.tgz#c2a09a87acbde69543de6f63fa3995c826c536a2"
  integrity sha512-dOy+3AuW3a2wNbZHIuMZpTcgjGuLU/uBL/ubcZF9OXbDo8ff4O8yVp5Bf0efS8uEoYo5q4Fx7dY9OgQGXgAsQA==

command-line-args@^6.0.1:
  version "6.0.2"
  resolved "https://registry.yarnpkg.com/command-line-args/-/command-line-args-6.0.2.tgz#a5b8a87d3f12aa1707c122c5ed38bc64535514a0"
  integrity sha512-AIjYVxrV9X752LmPDLbVYv8aMCuHPSLZJXEo2qo/xJfv+NYhaZ4sMSF01rM+gHPaMgvPM0l5D/F+Qx+i2WfSmQ==
  dependencies:
    array-back "^6.2.3"
    find-replace "^5.0.2"
    lodash.camelcase "^4.3.0"
    typical "^7.3.0"

command-line-usage@^7.0.3:
  version "7.0.4"
  resolved "https://registry.yarnpkg.com/command-line-usage/-/command-line-usage-7.0.4.tgz#759449bac39c5410e23513f1f78551b669df1514"
  integrity sha512-85UdvzTNx/+s5CkSgBm/0hzP80RFHAa7PsfeADE5ezZF3uHz3/Tqj9gIKGT9PTtpycc3Ua64T0oVulGfKxzfqg==
  dependencies:
    array-back "^6.2.2"
    chalk-template "^0.4.0"
    table-layout "^4.1.1"
    typical "^7.3.0"

env-paths@^4.0.0:
  version "4.0.0"
  resolved "https://registry.yarnpkg.com/env-paths/-/env-paths-4.0.0.tgz#d0bb1f84a81d2542581bf7b7e8085d0683b39097"
  integrity sha512-pxP8eL2SwwaTRi/KHYwLYXinDs7gL3jxFcBYmEdYfZmZXbaVDvdppd0XBU8qVz03rDfKZMXg1omHCbsJjZrMsw==
  dependencies:
    is-safe-filename "^0.1.0"

find-replace@^5.0.2:
  version "5.0.2"
  resolved "https://registry.yarnpkg.com/find-replace/-/find-replace-5.0.2.tgz#fe27ff0be05975aef6fc679c1139bbabea564e26"
  integrity sha512-Y45BAiE3mz2QsrN2fb5QEtO4qb44NcS7en/0y9PEVsg351HsLeVclP8QPMH79Le9sH3rs5RSwJu99W0WPZO43Q==

has-flag@^4.0.0:
  version "4.0.0"
  resolved "https://registry.yarnpkg.com/has-flag/-/has-flag-4.0.0.tgz#944771fd9c81c81265c4d6941860da06bb59479b"
  integrity sha512-EykJT/Q1KjTWctppgIAgfSO0tKVuZUjhgMr17kqTumMl6Afv3EISleU7qZUzoXDFTAHTDC4NOoG/ZxU3EvlMPQ==

is-safe-filename@^0.1.0:
  version "0.1.1"
  resolved "https://registry.yarnpkg.com/is-safe-filename/-/is-safe-filename-0.1.1.tgz#fb22eead097c614c47aa674de5d79a1648a53e66"
  integrity sha512-4SrR7AdnY11LHfDKTZY1u6Ga3RuxZdl3YKWWShO5iyuG5h8QS4GD2tOb04peBJ5I7pXbR+CGBNEhTcwK+FzN3g==

lodash.camelcase@^4.3.0:
  version "4.3.0"
  resolved "https://registry.yarnpkg.com/lodash.camelcase/-/lodash.camelcase-4.3.0.tgz#b28aa6288a2b9fc651035c7711f65ab6190331a6"
  integrity sha512-TwuEnCnxbc3rAvhf/LbG7tJUDzhqXyFnv3dtzLOPgCG/hODL7WFnsbwktkD7yUV0RrreP/l1PALq/YSg6VvjlA==

mkdirp@^3.0.1:
  version "3.0.1"
  resolved "https://registry.yarnpkg.com/mkdirp/-/mkdirp-3.0.1.tgz#e44e4c5607fb279c168241713cc6e0fea9adcb50"
  integrity sha512-+NsyUUAZDmo6YVHzL/stxSu3t9YS1iljliy3BSDrXJ/dkn1KYdmtZODGGjLcc9XLgVVpH4KshHB8XmZgMhaBXg==

playwright-core@1.58.0:
  version "1.58.0"
  resolved "https://registry.yarnpkg.com/playwright-core/-/playwright-core-1.58.0.tgz#f0c74217837e5dda1ecfae78e214fe97112c1f97"
  integrity sha512-aaoB1RWrdNi3//rOeKuMiS65UCcgOVljU46At6eFcOFPFHWtd2weHRRow6z/n+Lec0Lvu0k9ZPKJSjPugikirw==

react-curse@^1.0.23:
  version "1.0.23"
  resolved "https://registry.yarnpkg.com/react-curse/-/react-curse-1.0.23.tgz#cebce1aaf0457e64a48a260e5bfaa8bdad1394e7"
  integrity sha512-5U7YKEhNX+Dsjk4JzwNtOvG9ho/Ltieo6gB+MZv9swNd7vkAtpHSjJxwT0QWRyZbh82nlZFF2YlnljzIbvxXCw==
  dependencies:
    react "^19.1.1"
    react-reconciler "^0.32.0"

react-reconciler@^0.32.0:
  version "0.32.0"
  resolved "https://registry.yarnpkg.com/react-reconciler/-/react-reconciler-0.32.0.tgz#a08bcd8c454a4cd839164d6e05926e30a7a7fac2"
  integrity sha512-2NPMOzgTlG0ZWdIf3qG+dcbLSoAc/uLfOwckc3ofy5sSK0pLJqnQLpUFxvGcN2rlXSjnVtGeeFLNimCQEj5gOQ==
  dependencies:
    scheduler "^0.26.0"

react@^19.1.1, react@^19.2.4:
  version "19.2.5"
  resolved "https://registry.yarnpkg.com/react/-/react-19.2.5.tgz#c888ab8b8ef33e2597fae8bdb2d77edbdb42858b"
  integrity sha512-llUJLzz1zTUBrskt2pwZgLq59AemifIftw4aB7JxOqf1HY2FDaGDxgwpAPVzHU1kdWabH7FauP4i1oEeer2WCA==

scheduler@^0.26.0:
  version "0.26.0"
  resolved "https://registry.yarnpkg.com/scheduler/-/scheduler-0.26.0.tgz#4ce8a8c2a2095f13ea11bf9a445be50c555d6337"
  integrity sha512-NlHwttCI/l5gCPR3D1nNXtWABUmBwvZpEQiD4IXSbIDq8BzLIK/7Ir5gTFSGZDUu37K5cMNp0hFtzO38sC7gWA==

supports-color@^7.1.0:
  version "7.2.0"
  resolved "https://registry.yarnpkg.com/supports-color/-/supports-color-7.2.0.tgz#1b7dcdcb32b8138801b3e478ba6a51caa89648da"
  integrity sha512-qpCAvRl9stuOHveKsn7HncJRvv501qIacKzQlO/+Lwxc9+0q2wLyv4Dfvt80/DPn2pqOBsJdDiogXGR9+OvwRw==
  dependencies:
    has-flag "^4.0.0"

table-layout@^4.1.1:
  version "4.1.1"
  resolved "https://registry.yarnpkg.com/table-layout/-/table-layout-4.1.1.tgz#0f72965de1a5c0c1419c9ba21cae4e73a2f73a42"
  integrity sha512-iK5/YhZxq5GO5z8wb0bY1317uDF3Zjpha0QFFLA8/trAoiLbQD0HUbMesEaxyzUgDxi2QlcbM8IvqOlEjgoXBA==
  dependencies:
    array-back "^6.2.2"
    wordwrapjs "^5.1.0"

typical@^7.3.0:
  version "7.3.0"
  resolved "https://registry.yarnpkg.com/typical/-/typical-7.3.0.tgz#930376be344228709f134613911fa22aa09617a4"
  integrity sha512-ya4mg/30vm+DOWfBg4YK3j2WD6TWtRkCbasOJr40CseYENzCUby/7rIvXA99JGsQHeNxLbnXdyLLxKSv3tauFw==

wordwrapjs@^5.1.0:
  version "5.1.1"
  resolved "https://registry.yarnpkg.com/wordwrapjs/-/wordwrapjs-5.1.1.tgz#bfd1eb426f0f7eec73b7df32cf7df1f618bfb3a9"
  integrity sha512-0yweIbkINJodk27gX9LBGMzyQdBDan3s/dEAiwBOj+Mf0PPyWL6/rikalkv8EeD0E8jm4o5RXEOrFTP3NXbhJg==
